
Microsoft Visual Studio Solution File, Format Version 12.00
# Visual Studio Version 17
VisualStudioVersion = 17.11.35312.102
MinimumVisualStudioVersion = 10.0.40219.1
Project("{9A19103F-16F7-4668-BE54-9A1E7A4F7556}") = "ReedSolomonCode", "ReedSolomonCode\ReedSolomonCode.csproj", "{2EB5EA33-E160-47D4-A7CC-A9FF8A215683}"
EndProject
Project("{9A19103F-16F7-4668-BE54-9A1E7A4F7556}") = "ReedSolomonCode.Tests", "ReedSolomonCode.Tests\ReedSolomonCode.Tests.csproj", "{2A607B43-6939-432A-8B26-3F0FD7695F0E}"
EndProject
Project("{FAE04EC0-301F-11D3-BF4B-00C04F79EFBC}") = "ReedSolomonCode.UI", "ReedSolomonCode.UI\ReedSolomonCode.UI.csproj", "{00CE26E9-22BC-45E6-BB57-A0C88637A54A}"
EndProject
Global
	GlobalSection(SolutionConfigurationPlatforms) = preSolution
		Debug|Any CPU = Debug|Any CPU
		Release|Any CPU = Release|Any CPU
	EndGlobalSection
	GlobalSection(ProjectConfigurationPlatforms) = postSolution
		{2EB5EA33-E160-47D4-A7CC-A9FF8A215683}.Debug|Any CPU.ActiveCfg = Debug|Any CPU
		{2EB5EA33-E160-47D4-A7CC-A9FF8A215683}.Debug|Any CPU.Build.0 = Debug|Any CPU
		{2EB5EA33-E160-47D4-A7CC-A9FF8A215683}.Release|Any CPU.ActiveCfg = Release|Any CPU
		{2EB5EA33-E160-47D4-A7CC-A9FF8A215683}.Release|Any CPU.Build.0 = Release|Any CPU
		{2A607B43-6939-432A-8B26-3F0FD7695F0E}.Debug|Any CPU.ActiveCfg = Debug|Any CPU
		{2A607B43-6939-432A-8B26-3F0FD7695F0E}.Debug|Any CPU.Build.0 = Debug|Any CPU
		{2A607B43-6939-432A-8B26-3F0FD7695F0E}.Release|Any CPU.ActiveCfg = Release|Any CPU
		{2A607B43-6939-432A-8B26-3F0FD7695F0E}.Release|Any CPU.Build.0 = Release|Any CPU
		{00CE26E9-22BC-45E6-BB57-A0C88637A54A}.Debug|Any CPU.ActiveCfg = Debug|Any CPU
		{00CE26E9-22BC-45E6-BB57-A0C88637A54A}.Debug|Any CPU.Build.0 = Debug|Any CPU
		{00CE26E9-22BC-45E6-BB57-A0C88637A54A}.Release|Any CPU.ActiveCfg = Release|Any CPU
		{00CE26E9-22BC-45E6-BB57-A0C88637A54A}.Release|Any CPU.Build.0 = Release|Any CPU
	EndGlobalSection
	GlobalSection(SolutionProperties) = preSolution
		HideSolutionNode = FALSE
	EndGlobalSection
	GlobalSection(ExtensibilityGlobals) = postSolution
		SolutionGuid = {EEB78499-4D2F-45BA-927B-F5651486CD1B}
	EndGlobalSection
EndGlobal
